// !$*UTF8*$!
{
	archiveVersion = 1;
	classes = {
	};
	objectVersion = 56;
	objects = {

/* Begin PBXBuildFile section */
		B201D5302C32C2FA00E847D3 /* WeSplitApp.swift in Sources */ = {isa = PBXBuildFile; fileRef = B201D52F2C32C2FA00E847D3 /* WeSplitApp.swift */; };
		B201D5322C32C2FA00E847D3 /* ContentView.swift in Sources */ = {isa = PBXBuildFile; fileRef = B201D5312C32C2FA00E847D3 /* ContentView.swift */; };
		B201D5342C32C2FD00E847D3 /* Assets.xcassets in Resources */ = {isa = PBXBuildFile; fileRef = B201D5332C32C2FD00E847D3 /* Assets.xcassets */; };
		B201D5372C32C2FD00E847D3 /* Preview Assets.xcassets in Resources */ = {isa = PBXBuildFile; fileRef = B201D5362C32C2FD00E847D3 /* Preview Assets.xcassets */; };
		B201D5422C34D3FE00E847D3 /* TestView.swift in Sources */ = {isa = PBXBuildFile; fileRef = B201D5412C34D3FE00E847D3 /* TestView.swift */; };
		B2ED63462C36254F00C28425 /* SplitView.swift in Sources */ = {isa = PBXBuildFile; fileRef = B2ED63452C36254F00C28425 /* SplitView.swift */; };
		B2ED63482C364CC500C28425 /* GuessFlagView.swift in Sources */ = {isa = PBXBuildFile; fileRef = B2ED63472C364CC500C28425 /* GuessFlagView.swift */; };
		B2ED634A2C366E3000C28425 /* DayTwoTestView.swift in Sources */ = {isa = PBXBuildFile; fileRef = B2ED63492C366E3000C28425 /* DayTwoTestView.swift */; };
		B2ED634C2C3B6CA100C28425 /* DayThreeTestView.swift in Sources */ = {isa = PBXBuildFile; fileRef = B2ED634B2C3B6CA100C28425 /* DayThreeTestView.swift */; };
		B2ED634E2C3CAE1F00C28425 /* BetterSleepView.swift in Sources */ = {isa = PBXBuildFile; fileRef = B2ED634D2C3CAE1F00C28425 /* BetterSleepView.swift */; };
		B2ED63502C3CB61800C28425 /* ExtensionView.swift in Sources */ = {isa = PBXBuildFile; fileRef = B2ED634F2C3CB61800C28425 /* ExtensionView.swift */; };
		B2ED63522C3CBEA600C28425 /* SleepCalculator.mlmodel in Sources */ = {isa = PBXBuildFile; fileRef = B2ED63512C3CBEA600C28425 /* SleepCalculator.mlmodel */; };
/* End PBXBuildFile section */

/* Begin PBXFileReference section */
		B201D52C2C32C2FA00E847D3 /* WeSplit.app */ = {isa = PBXFileReference; explicitFileType = wrapper.application; includeInIndex = 0; path = WeSplit.app; sourceTree = BUILT_PRODUCTS_DIR; };
		B201D52F2C32C2FA00E847D3 /* WeSplitApp.swift */ = {isa = PBXFileReference; lastKnownFileType = sourcecode.swift; path = WeSplitApp.swift; sourceTree = "<group>"; };
		B201D5312C32C2FA00E847D3 /* ContentView.swift */ = {isa = PBXFileReference; lastKnownFileType = sourcecode.swift; path = ContentView.swift; sourceTree = "<group>"; };
		B201D5332C32C2FD00E847D3 /* Assets.xcassets */ = {isa = PBXFileReference; lastKnownFileType = folder.assetcatalog; path = Assets.xcassets; sourceTree = "<group>"; };
		B201D5362C32C2FD00E847D3 /* Preview Assets.xcassets */ = {isa = PBXFileReference; lastKnownFileType = folder.assetcatalog; path = "Preview Assets.xcassets"; sourceTree = "<group>"; };
		B201D5412C34D3FE00E847D3 /* TestView.swift */ = {isa = PBXFileReference; lastKnownFileType = sourcecode.swift; path = TestView.swift; sourceTree = "<group>"; };
		B2ED63452C36254F00C28425 /* SplitView.swift */ = {isa = PBXFileReference; lastKnownFileType = sourcecode.swift; path = SplitView.swift; sourceTree = "<group>"; };
		B2ED63472C364CC500C28425 /* GuessFlagView.swift */ = {isa = PBXFileReference; lastKnownFileType = sourcecode.swift; path = GuessFlagView.swift; sourceTree = "<group>"; };
		B2ED63492C366E3000C28425 /* DayTwoTestView.swift */ = {isa = PBXFileReference; lastKnownFileType = sourcecode.swift; path = DayTwoTestView.swift; sourceTree = "<group>"; };
		B2ED634B2C3B6CA100C28425 /* DayThreeTestView.swift */ = {isa = PBXFileReference; lastKnownFileType = sourcecode.swift; path = DayThreeTestView.swift; sourceTree = "<group>"; };
		B2ED634D2C3CAE1F00C28425 /* BetterSleepView.swift */ = {isa = PBXFileReference; lastKnownFileType = sourcecode.swift; path = BetterSleepView.swift; sourceTree = "<group>"; };
		B2ED634F2C3CB61800C28425 /* ExtensionView.swift */ = {isa = PBXFileReference; lastKnownFileType = sourcecode.swift; path = ExtensionView.swift; sourceTree = "<group>"; };
		B2ED63512C3CBEA600C28425 /* SleepCalculator.mlmodel */ = {isa = PBXFileReference; lastKnownFileType = file.mlmodel; path = SleepCalculator.mlmodel; sourceTree = "<group>"; };
/* End PBXFileReference section */

/* Begin PBXFrameworksBuildPhase section */
		B201D5292C32C2FA00E847D3 /* Frameworks */ = {
			isa = PBXFrameworksBuildPhase;
			buildActionMask = 2147483647;
			files = (
			);
			runOnlyForDeploymentPostprocessing = 0;
		};
/* End PBXFrameworksBuildPhase section */

/* Begin PBXGroup section */
		B201D5232C32C2FA00E847D3 = {
			isa = PBXGroup;
			children = (
				B201D52E2C32C2FA00E847D3 /* WeSplit */,
				B201D52D2C32C2FA00E847D3 /* Products */,
			);
			sourceTree = "<group>";
		};
		B201D52D2C32C2FA00E847D3 /* Products */ = {
			isa = PBXGroup;
			children = (
				B201D52C2C32C2FA00E847D3 /* WeSplit.app */,
			);
			name = Products;
			sourceTree = "<group>";
		};
		B201D52E2C32C2FA00E847D3 /* WeSplit */ = {
			isa = PBXGroup;
			children = (
				B201D52F2C32C2FA00E847D3 /* WeSplitApp.swift */,
				B201D5312C32C2FA00E847D3 /* ContentView.swift */,
				B2ED63452C36254F00C28425 /* SplitView.swift */,
				B2ED63472C364CC500C28425 /* GuessFlagView.swift */,
				B2ED634D2C3CAE1F00C28425 /* BetterSleepView.swift */,
				B2ED63512C3CBEA600C28425 /* SleepCalculator.mlmodel */,
				B201D5412C34D3FE00E847D3 /* TestView.swift */,
				B2ED63492C366E3000C28425 /* DayTwoTestView.swift */,
				B2ED634B2C3B6CA100C28425 /* DayThreeTestView.swift */,
				B201D5332C32C2FD00E847D3 /* Assets.xcassets */,
				B201D5352C32C2FD00E847D3 /* Preview Content */,
				B2ED634F2C3CB61800C28425 /* ExtensionView.swift */,
			);
			path = WeSplit;
			sourceTree = "<group>";
		};
		B201D5352C32C2FD00E847D3 /* Preview Content */ = {
			isa = PBXGroup;
			children = (
				B201D5362C32C2FD00E847D3 /* Preview Assets.xcassets */,
			);
			path = "Preview Content";
			sourceTree = "<group>";
		};
/* End PBXGroup section */

/* Begin PBXNativeTarget section */
		B201D52B2C32C2FA00E847D3 /* WeSplit */ = {
			isa = PBXNativeTarget;
			buildConfigurationList = B201D53A2C32C2FD00E847D3 /* Build configuration list for PBXNativeTarget "WeSplit" */;
			buildPhases = (
				B201D5282C32C2FA00E847D3 /* Sources */,
				B201D5292C32C2FA00E847D3 /* Frameworks */,
				B201D52A2C32C2FA00E847D3 /* Resources */,
			);
			buildRules = (
			);
			dependencies = (
			);
			name = WeSplit;
			productName = WeSplit;
			productReference = B201D52C2C32C2FA00E847D3 /* WeSplit.app */;
			productType = "com.apple.product-type.application";
		};
/* End PBXNativeTarget section */

/* Begin PBXProject section */
		B201D5242C32C2FA00E847D3 /* Project object */ = {
			isa = PBXProject;
			attributes = {
				BuildIndependentTargetsInParallel = 1;
				LastSwiftUpdateCheck = 1500;
				LastUpgradeCheck = 1500;
				TargetAttributes = {
					B201D52B2C32C2FA00E847D3 = {
						CreatedOnToolsVersion = 15.0;
					};
				};
			};
			buildConfigurationList = B201D5272C32C2FA00E847D3 /* Build configuration list for PBXProject "WeSplit" */;
			compatibilityVersion = "Xcode 14.0";
			developmentRegion = en;
			hasScannedForEncodings = 0;
			knownRegions = (
				en,
				Base,
			);
			mainGroup = B201D5232C32C2FA00E847D3;
			productRefGroup = B201D52D2C32C2FA00E847D3 /* Products */;
			projectDirPath = "";
			projectRoot = "";
			targets = (
				B201D52B2C32C2FA00E847D3 /* WeSplit */,
			);
		};
/* End PBXProject section */

/* Begin PBXResourcesBuildPhase section */
		B201D52A2C32C2FA00E847D3 /* Resources */ = {
			isa = PBXResourcesBuildPhase;
			buildActionMask = 2147483647;
			files = (
				B201D5372C32C2FD00E847D3 /* Preview Assets.xcassets in Resources */,
				B201D5342C32C2FD00E847D3 /* Assets.xcassets in Resources */,
			);
			runOnlyForDeploymentPostprocessing = 0;
		};
/* End PBXResourcesBuildPhase section */

/* Begin PBXSourcesBuildPhase section */
		B201D5282C32C2FA00E847D3 /* Sources */ = {
			isa = PBXSourcesBuildPhase;
			buildActionMask = 2147483647;
			files = (
				B201D5422C34D3FE00E847D3 /* TestView.swift in Sources */,
				B2ED63502C3CB61800C28425 /* ExtensionView.swift in Sources */,
				B2ED63522C3CBEA600C28425 /* SleepCalculator.mlmodel in Sources */,
				B2ED63462C36254F00C28425 /* SplitView.swift in Sources */,
				B2ED634E2C3CAE1F00C28425 /* BetterSleepView.swift in Sources */,
				B2ED634A2C366E3000C28425 /* DayTwoTestView.swift in Sources */,
				B201D5322C32C2FA00E847D3 /* ContentView.swift in Sources */,
				B2ED63482C364CC500C28425 /* GuessFlagView.swift in Sources */,
				B2ED634C2C3B6CA100C28425 /* DayThreeTestView.swift in Sources */,
				B201D5302C32C2FA00E847D3 /* WeSplitApp.swift in Sources */,
			);
			runOnlyForDeploymentPostprocessing = 0;
		};
/* End PBXSourcesBuildPhase section */

/* Begin XCBuildConfiguration section */
		B201D5382C32C2FD00E847D3 /* Debug */ = {
			isa = XCBuildConfiguration;
			buildSettings = {
				ALWAYS_SEARCH_USER_PATHS = NO;
				ASSETCATALOG_COMPILER_GENERATE_SWIFT_ASSET_SYMBOL_EXTENSIONS = YES;
				CLANG_ANALYZER_NONNULL = YES;
				CLANG_ANALYZER_NUMBER_OBJECT_CONVERSION = YES_AGGRESSIVE;
				CLANG_CXX_LANGUAGE_STANDARD = "gnu++20";
				CLANG_ENABLE_MODULES = YES;
				CLANG_ENABLE_OBJC_ARC = YES;
				CLANG_ENABLE_OBJC_WEAK = YES;
				CLANG_WARN_BLOCK_CAPTURE_AUTORELEASING = YES;
				CLANG_WARN_BOOL_CONVERSION = YES;
				CLANG_WARN_COMMA = YES;
				CLANG_WARN_CONSTANT_CONVERSION = YES;
				CLANG_WARN_DEPRECATED_OBJC_IMPLEMENTATIONS = YES;
				CLANG_WARN_DIRECT_OBJC_ISA_USAGE = YES_ERROR;
				CLANG_WARN_DOCUMENTATION_COMMENTS = YES;
				CLANG_WARN_EMPTY_BODY = YES;
				CLANG_WARN_ENUM_CONVERSION = YES;
				CLANG_WARN_INFINITE_RECURSION = YES;
				CLANG_WARN_INT_CONVERSION = YES;
				CLANG_WARN_NON_LITERAL_NULL_CONVERSION = YES;
				CLANG_WARN_OBJC_IMPLICIT_RETAIN_SELF = YES;
				CLANG_WARN_OBJC_LITERAL_CONVERSION = YES;
				CLANG_WARN_OBJC_ROOT_CLASS = YES_ERROR;
				CLANG_WARN_QUOTED_INCLUDE_IN_FRAMEWORK_HEADER = YES;
				CLANG_WARN_RANGE_LOOP_ANALYSIS = YES;
				CLANG_WARN_STRICT_PROTOTYPES = YES;
				CLANG_WARN_SUSPICIOUS_MOVE = YES;
				CLANG_WARN_UNGUARDED_AVAILABILITY = YES_AGGRESSIVE;
				CLANG_WARN_UNREACHABLE_CODE = YES;
				CLANG_WARN__DUPLICATE_METHOD_MATCH = YES;
				COPY_PHASE_STRIP = NO;
				DEBUG_INFORMATION_FORMAT = dwarf;
				ENABLE_STRICT_OBJC_MSGSEND = YES;
				ENABLE_TESTABILITY = YES;
				ENABLE_USER_SCRIPT_SANDBOXING = YES;
				GCC_C_LANGUAGE_STANDARD = gnu17;
				GCC_DYNAMIC_NO_PIC = NO;
				GCC_NO_COMMON_BLOCKS = YES;
				GCC_OPTIMIZATION_LEVEL = 0;
				GCC_PREPROCESSOR_DEFINITIONS = (
					"DEBUG=1",
					"$(inherited)",
				);
				GCC_WARN_64_TO_32_BIT_CONVERSION = YES;
				GCC_WARN_ABOUT_RETURN_TYPE = YES_ERROR;
				GCC_WARN_UNDECLARED_SELECTOR = YES;
				GCC_WARN_UNINITIALIZED_AUTOS = YES_AGGRESSIVE;
				GCC_WARN_UNUSED_FUNCTION = YES;
				GCC_WARN_UNUSED_VARIABLE = YES;
				IPHONEOS_DEPLOYMENT_TARGET = 17.0;
				LOCALIZATION_PREFERS_STRING_CATALOGS = YES;
				MTL_ENABLE_DEBUG_INFO = INCLUDE_SOURCE;
				MTL_FAST_MATH = YES;
				ONLY_ACTIVE_ARCH = YES;
				SDKROOT = iphoneos;
				SWIFT_ACTIVE_COMPILATION_CONDITIONS = "DEBUG $(inherited)";
				SWIFT_OPTIMIZATION_LEVEL = "-Onone";
			};
			name = Debug;
		};
		B201D5392C32C2FD00E847D3 /* Release */ = {
			isa = XCBuildConfiguration;
			buildSettings = {
				ALWAYS_SEARCH_USER_PATHS = NO;
				ASSETCATALOG_COMPILER_GENERATE_SWIFT_ASSET_SYMBOL_EXTENSIONS = YES;
				CLANG_ANALYZER_NONNULL = YES;
				CLANG_ANALYZER_NUMBER_OBJECT_CONVERSION = YES_AGGRESSIVE;
				CLANG_CXX_LANGUAGE_STANDARD = "gnu++20";
				CLANG_ENABLE_MODULES = YES;
				CLANG_ENABLE_OBJC_ARC = YES;
				CLANG_ENABLE_OBJC_WEAK = YES;
				CLANG_WARN_BLOCK_CAPTURE_AUTORELEASING = YES;
				CLANG_WARN_BOOL_CONVERSION = YES;
				CLANG_WARN_COMMA = YES;
				CLANG_WARN_CONSTANT_CONVERSION = YES;
				CLANG_WARN_DEPRECATED_OBJC_IMPLEMENTATIONS = YES;
				CLANG_WARN_DIRECT_OBJC_ISA_USAGE = YES_ERROR;
				CLANG_WARN_DOCUMENTATION_COMMENTS = YES;
				CLANG_WARN_EMPTY_BODY = YES;
				CLANG_WARN_ENUM_CONVERSION = YES;
				CLANG_WARN_INFINITE_RECURSION = YES;
				CLANG_WARN_INT_CONVERSION = YES;
				CLANG_WARN_NON_LITERAL_NULL_CONVERSION = YES;
				CLANG_WARN_OBJC_IMPLICIT_RETAIN_SELF = YES;
				CLANG_WARN_OBJC_LITERAL_CONVERSION = YES;
				CLANG_WARN_OBJC_ROOT_CLASS = YES_ERROR;
				CLANG_WARN_QUOTED_INCLUDE_IN_FRAMEWORK_HEADER = YES;
				CLANG_WARN_RANGE_LOOP_ANALYSIS = YES;
				CLANG_WARN_STRICT_PROTOTYPES = YES;
				CLANG_WARN_SUSPICIOUS_MOVE = YES;
				CLANG_WARN_UNGUARDED_AVAILABILITY = YES_AGGRESSIVE;
				CLANG_WARN_UNREACHABLE_CODE = YES;
				CLANG_WARN__DUPLICATE_METHOD_MATCH = YES;
				COPY_PHASE_STRIP = NO;
				DEBUG_INFORMATION_FORMAT = "dwarf-with-dsym";
				ENABLE_NS_ASSERTIONS = NO;
				ENABLE_STRICT_OBJC_MSGSEND = YES;
				ENABLE_USER_SCRIPT_SANDBOXING = YES;
				GCC_C_LANGUAGE_STANDARD = gnu17;
				GCC_NO_COMMON_BLOCKS = YES;
				GCC_WARN_64_TO_32_BIT_CONVERSION = YES;
				GCC_WARN_ABOUT_RETURN_TYPE = YES_ERROR;
				GCC_WARN_UNDECLARED_SELECTOR = YES;
				GCC_WARN_UNINITIALIZED_AUTOS = YES_AGGRESSIVE;
				GCC_WARN_UNUSED_FUNCTION = YES;
				GCC_WARN_UNUSED_VARIABLE = YES;
				IPHONEOS_DEPLOYMENT_TARGET = 17.0;
				LOCALIZATION_PREFERS_STRING_CATALOGS = YES;
				MTL_ENABLE_DEBUG_INFO = NO;
				MTL_FAST_MATH = YES;
				SDKROOT = iphoneos;
				SWIFT_COMPILATION_MODE = wholemodule;
				VALIDATE_PRODUCT = YES;
			};
			name = Release;
		};
		B201D53B2C32C2FD00E847D3 /* Debug */ = {
			isa = XCBuildConfiguration;
			buildSettings = {
				ASSETCATALOG_COMPILER_APPICON_NAME = AppIcon;
				ASSETCATALOG_COMPILER_GLOBAL_ACCENT_COLOR_NAME = AccentColor;
				CODE_SIGN_STYLE = Automatic;
				CURRENT_PROJECT_VERSION = 1;
				DEVELOPMENT_ASSET_PATHS = "\"WeSplit/Preview Content\"";
				DEVELOPMENT_TEAM = 2372B22EDT;
				ENABLE_PREVIEWS = YES;
				GENERATE_INFOPLIST_FILE = YES;
				INFOPLIST_KEY_UIApplicationSceneManifest_Generation = YES;
				INFOPLIST_KEY_UIApplicationSupportsIndirectInputEvents = YES;
				INFOPLIST_KEY_UILaunchScreen_Generation = YES;
				INFOPLIST_KEY_UISupportedInterfaceOrientations_iPad = "UIInterfaceOrientationPortrait UIInterfaceOrientationPortraitUpsideDown UIInterfaceOrientationLandscapeLeft UIInterfaceOrientationLandscapeRight";
				INFOPLIST_KEY_UISupportedInterfaceOrientations_iPhone = "UIInterfaceOrientationPortrait UIInterfaceOrientationLandscapeLeft UIInterfaceOrientationLandscapeRight";
				LD_RUNPATH_SEARCH_PATHS = (
					"$(inherited)",
					"@executable_path/Frameworks",
				);
				MARKETING_VERSION = 1.0;
				PRODUCT_BUNDLE_IDENTIFIER = com.my.qiny.WeSplit;
				PRODUCT_NAME = "$(TARGET_NAME)";
				SWIFT_EMIT_LOC_STRINGS = YES;
				SWIFT_VERSION = 5.0;
				TARGETED_DEVICE_FAMILY = "1,2";
			};
			name = Debug;
		};
		B201D53C2C32C2FD00E847D3 /* Release */ = {
			isa = XCBuildConfiguration;
			buildSettings = {
				ASSETCATALOG_COMPILER_APPICON_NAME = AppIcon;
				ASSETCATALOG_COMPILER_GLOBAL_ACCENT_COLOR_NAME = AccentColor;
				CODE_SIGN_STYLE = Automatic;
				CURRENT_PROJECT_VERSION = 1;
				DEVELOPMENT_ASSET_PATHS = "\"WeSplit/Preview Content\"";
				DEVELOPMENT_TEAM = 2372B22EDT;
				ENABLE_PREVIEWS = YES;
				GENERATE_INFOPLIST_FILE = YES;
				INFOPLIST_KEY_UIApplicationSceneManifest_Generation = YES;
				INFOPLIST_KEY_UIApplicationSupportsIndirectInputEvents = YES;
				INFOPLIST_KEY_UILaunchScreen_Generation = YES;
				INFOPLIST_KEY_UISupportedInterfaceOrientations_iPad = "UIInterfaceOrientationPortrait UIInterfaceOrientationPortraitUpsideDown UIInterfaceOrientationLandscapeLeft UIInterfaceOrientationLandscapeRight";
				INFOPLIST_KEY_UISupportedInterfaceOrientations_iPhone = "UIInterfaceOrientationPortrait UIInterfaceOrientationLandscapeLeft UIInterfaceOrientationLandscapeRight";
				LD_RUNPATH_SEARCH_PATHS = (
					"$(inherited)",
					"@executable_path/Frameworks",
				);
				MARKETING_VERSION = 1.0;
				PRODUCT_BUNDLE_IDENTIFIER = com.my.qiny.WeSplit;
				PRODUCT_NAME = "$(TARGET_NAME)";
				SWIFT_EMIT_LOC_STRINGS = YES;
				SWIFT_VERSION = 5.0;
				TARGETED_DEVICE_FAMILY = "1,2";
			};
			name = Release;
		};
/* End XCBuildConfiguration section */

/* Begin XCConfigurationList section */
		B201D5272C32C2FA00E847D3 /* Build configuration list for PBXProject "WeSplit" */ = {
			isa = XCConfigurationList;
			buildConfigurations = (
				B201D5382C32C2FD00E847D3 /* Debug */,
				B201D5392C32C2FD00E847D3 /* Release */,
			);
			defaultConfigurationIsVisible = 0;
			defaultConfigurationName = Release;
		};
		B201D53A2C32C2FD00E847D3 /* Build configuration list for PBXNativeTarget "WeSplit" */ = {
			isa = XCConfigurationList;
			buildConfigurations = (
				B201D53B2C32C2FD00E847D3 /* Debug */,
				B201D53C2C32C2FD00E847D3 /* Release */,
			);
			defaultConfigurationIsVisible = 0;
			defaultConfigurationName = Release;
		};
/* End XCConfigurationList section */
	};
	rootObject = B201D5242C32C2FA00E847D3 /* Project object */;
}
